
Microsoft Visual Studio Solution File, Format Version 12.00
# Visual Studio Version 16
VisualStudioVersion = 16.0.30523.141
MinimumVisualStudioVersion = 10.0.40219.1
Project("{8BC9CEB8-8B4A-11D0-8D11-00A0C91BC942}") = "作业2", "作业2\作业2.vcxproj", "{3894791F-2D8B-42B3-ABCF-C80284F634BF}"
EndProject
Project("{8BC9CEB8-8B4A-11D0-8D11-00A0C91BC942}") = "上机2", "上机2\上机2.vcxproj", "{EE577CD0-A76F-49A4-83F0-8D627C0A5C08}"
EndProject
Project("{8BC9CEB8-8B4A-11D0-8D11-00A0C91BC942}") = "上机3", "上机3\上机3.vcxproj", "{B63C0384-E261-4FFF-A509-359EEEF40D39}"
EndProject
Project("{8BC9CEB8-8B4A-11D0-8D11-00A0C91BC942}") = "上机1", "上机1\上机1\上机1\上机1.vcxproj", "{602B5328-2195-4A4F-9EAF-089C0A466110}"
EndProject
Project("{8BC9CEB8-8B4A-11D0-8D11-00A0C91BC942}") = "作业1", "作业1\作业代码.vcxproj", "{AA9E2513-44F4-452E-AE30-936C8F600FCB}"
EndProject
Project("{8BC9CEB8-8B4A-11D0-8D11-00A0C91BC942}") = "上机4", "上机4\上机4.vcxproj", "{F4F8300C-E799-442D-9BB0-B062541B6A03}"
EndProject
Project("{8BC9CEB8-8B4A-11D0-8D11-00A0C91BC942}") = "研究性课题", "研究性课题\研究性课题.vcxproj", "{300CBC1C-E7F1-4A64-811F-1F3CD5995B7E}"
EndProject
Project("{8BC9CEB8-8B4A-11D0-8D11-00A0C91BC942}") = "二叉树练习", "二叉树练习\二叉树练习.vcxproj", "{85D96C58-A565-445E-A974-B46170842A4F}"
EndProject
Project("{8BC9CEB8-8B4A-11D0-8D11-00A0C91BC942}") = "作业6", "作业6\作业6.vcxproj", "{DCCEA958-94D6-44E4-8A3B-FA30C7E24158}"
EndProject
Project("{8BC9CEB8-8B4A-11D0-8D11-00A0C91BC942}") = "作业5", "作业5\作业5.vcxproj", "{D3F1BF12-5C6C-4C07-B41B-F5A555BCB669}"
EndProject
Project("{8BC9CEB8-8B4A-11D0-8D11-00A0C91BC942}") = "上机5", "上机5\上机5.vcxproj", "{3FDBCF15-B113-4BFA-B364-43EAF131F6DA}"
EndProject
Global
	GlobalSection(SolutionConfigurationPlatforms) = preSolution
		Debug|x64 = Debug|x64
		Debug|x86 = Debug|x86
		Release|x64 = Release|x64
		Release|x86 = Release|x86
	EndGlobalSection
	GlobalSection(ProjectConfigurationPlatforms) = postSolution
		{3894791F-2D8B-42B3-ABCF-C80284F634BF}.Debug|x64.ActiveCfg = Debug|x64
		{3894791F-2D8B-42B3-ABCF-C80284F634BF}.Debug|x64.Build.0 = Debug|x64
		{3894791F-2D8B-42B3-ABCF-C80284F634BF}.Debug|x86.ActiveCfg = Debug|Win32
		{3894791F-2D8B-42B3-ABCF-C80284F634BF}.Debug|x86.Build.0 = Debug|Win32
		{3894791F-2D8B-42B3-ABCF-C80284F634BF}.Release|x64.ActiveCfg = Release|x64
		{3894791F-2D8B-42B3-ABCF-C80284F634BF}.Release|x64.Build.0 = Release|x64
		{3894791F-2D8B-42B3-ABCF-C80284F634BF}.Release|x86.ActiveCfg = Release|Win32
		{3894791F-2D8B-42B3-ABCF-C80284F634BF}.Release|x86.Build.0 = Release|Win32
		{EE577CD0-A76F-49A4-83F0-8D627C0A5C08}.Debug|x64.ActiveCfg = Debug|x64
		{EE577CD0-A76F-49A4-83F0-8D627C0A5C08}.Debug|x64.Build.0 = Debug|x64
		{EE577CD0-A76F-49A4-83F0-8D627C0A5C08}.Debug|x86.ActiveCfg = Debug|Win32
		{EE577CD0-A76F-49A4-83F0-8D627C0A5C08}.Debug|x86.Build.0 = Debug|Win32
		{EE577CD0-A76F-49A4-83F0-8D627C0A5C08}.Release|x64.ActiveCfg = Release|x64
		{EE577CD0-A76F-49A4-83F0-8D627C0A5C08}.Release|x64.Build.0 = Release|x64
		{EE577CD0-A76F-49A4-83F0-8D627C0A5C08}.Release|x86.ActiveCfg = Release|Win32
		{EE577CD0-A76F-49A4-83F0-8D627C0A5C08}.Release|x86.Build.0 = Release|Win32
		{B63C0384-E261-4FFF-A509-359EEEF40D39}.Debug|x64.ActiveCfg = Debug|x64
		{B63C0384-E261-4FFF-A509-359EEEF40D39}.Debug|x64.Build.0 = Debug|x64
		{B63C0384-E261-4FFF-A509-359EEEF40D39}.Debug|x86.ActiveCfg = Debug|Win32
		{B63C0384-E261-4FFF-A509-359EEEF40D39}.Debug|x86.Build.0 = Debug|Win32
		{B63C0384-E261-4FFF-A509-359EEEF40D39}.Release|x64.ActiveCfg = Release|x64
		{B63C0384-E261-4FFF-A509-359EEEF40D39}.Release|x64.Build.0 = Release|x64
		{B63C0384-E261-4FFF-A509-359EEEF40D39}.Release|x86.ActiveCfg = Release|Win32
		{B63C0384-E261-4FFF-A509-359EEEF40D39}.Release|x86.Build.0 = Release|Win32
		{602B5328-2195-4A4F-9EAF-089C0A466110}.Debug|x64.ActiveCfg = Debug|x64
		{602B5328-2195-4A4F-9EAF-089C0A466110}.Debug|x64.Build.0 = Debug|x64
		{602B5328-2195-4A4F-9EAF-089C0A466110}.Debug|x86.ActiveCfg = Debug|Win32
		{602B5328-2195-4A4F-9EAF-089C0A466110}.Debug|x86.Build.0 = Debug|Win32
		{602B5328-2195-4A4F-9EAF-089C0A466110}.Release|x64.ActiveCfg = Release|x64
		{602B5328-2195-4A4F-9EAF-089C0A466110}.Release|x64.Build.0 = Release|x64
		{602B5328-2195-4A4F-9EAF-089C0A466110}.Release|x86.ActiveCfg = Release|Win32
		{602B5328-2195-4A4F-9EAF-089C0A466110}.Release|x86.Build.0 = Release|Win32
		{AA9E2513-44F4-452E-AE30-936C8F600FCB}.Debug|x64.ActiveCfg = Debug|x64
		{AA9E2513-44F4-452E-AE30-936C8F600FCB}.Debug|x64.Build.0 = Debug|x64
		{AA9E2513-44F4-452E-AE30-936C8F600FCB}.Debug|x86.ActiveCfg = Debug|Win32
		{AA9E2513-44F4-452E-AE30-936C8F600FCB}.Debug|x86.Build.0 = Debug|Win32
		{AA9E2513-44F4-452E-AE30-936C8F600FCB}.Release|x64.ActiveCfg = Release|x64
		{AA9E2513-44F4-452E-AE30-936C8F600FCB}.Release|x64.Build.0 = Release|x64
		{AA9E2513-44F4-452E-AE30-936C8F600FCB}.Release|x86.ActiveCfg = Release|Win32
		{AA9E2513-44F4-452E-AE30-936C8F600FCB}.Release|x86.Build.0 = Release|Win32
		{F4F8300C-E799-442D-9BB0-B062541B6A03}.Debug|x64.ActiveCfg = Debug|x64
		{F4F8300C-E799-442D-9BB0-B062541B6A03}.Debug|x64.Build.0 = Debug|x64
		{F4F8300C-E799-442D-9BB0-B062541B6A03}.Debug|x86.ActiveCfg = Debug|Win32
		{F4F8300C-E799-442D-9BB0-B062541B6A03}.Debug|x86.Build.0 = Debug|Win32
		{F4F8300C-E799-442D-9BB0-B062541B6A03}.Release|x64.ActiveCfg = Release|x64
		{F4F8300C-E799-442D-9BB0-B062541B6A03}.Release|x64.Build.0 = Release|x64
		{F4F8300C-E799-442D-9BB0-B062541B6A03}.Release|x86.ActiveCfg = Release|Win32
		{F4F8300C-E799-442D-9BB0-B062541B6A03}.Release|x86.Build.0 = Release|Win32
		{300CBC1C-E7F1-4A64-811F-1F3CD5995B7E}.Debug|x64.ActiveCfg = Debug|x64
		{300CBC1C-E7F1-4A64-811F-1F3CD5995B7E}.Debug|x64.Build.0 = Debug|x64
		{300CBC1C-E7F1-4A64-811F-1F3CD5995B7E}.Debug|x86.ActiveCfg = Debug|Win32
		{300CBC1C-E7F1-4A64-811F-1F3CD5995B7E}.Debug|x86.Build.0 = Debug|Win32
		{300CBC1C-E7F1-4A64-811F-1F3CD5995B7E}.Release|x64.ActiveCfg = Release|x64
		{300CBC1C-E7F1-4A64-811F-1F3CD5995B7E}.Release|x64.Build.0 = Release|x64
		{300CBC1C-E7F1-4A64-811F-1F3CD5995B7E}.Release|x86.ActiveCfg = Release|Win32
		{300CBC1C-E7F1-4A64-811F-1F3CD5995B7E}.Release|x86.Build.0 = Release|Win32
		{85D96C58-A565-445E-A974-B46170842A4F}.Debug|x64.ActiveCfg = Debug|x64
		{85D96C58-A565-445E-A974-B46170842A4F}.Debug|x64.Build.0 = Debug|x64
		{85D96C58-A565-445E-A974-B46170842A4F}.Debug|x86.ActiveCfg = Debug|Win32
		{85D96C58-A565-445E-A974-B46170842A4F}.Debug|x86.Build.0 = Debug|Win32
		{85D96C58-A565-445E-A974-B46170842A4F}.Release|x64.ActiveCfg = Release|x64
		{85D96C58-A565-445E-A974-B46170842A4F}.Release|x64.Build.0 = Release|x64
		{85D96C58-A565-445E-A974-B46170842A4F}.Release|x86.ActiveCfg = Release|Win32
		{85D96C58-A565-445E-A974-B46170842A4F}.Release|x86.Build.0 = Release|Win32
		{DCCEA958-94D6-44E4-8A3B-FA30C7E24158}.Debug|x64.ActiveCfg = Debug|x64
		{DCCEA958-94D6-44E4-8A3B-FA30C7E24158}.Debug|x64.Build.0 = Debug|x64
		{DCCEA958-94D6-44E4-8A3B-FA30C7E24158}.Debug|x86.ActiveCfg = Debug|Win32
		{DCCEA958-94D6-44E4-8A3B-FA30C7E24158}.Debug|x86.Build.0 = Debug|Win32
		{DCCEA958-94D6-44E4-8A3B-FA30C7E24158}.Release|x64.ActiveCfg = Release|x64
		{DCCEA958-94D6-44E4-8A3B-FA30C7E24158}.Release|x64.Build.0 = Release|x64
		{DCCEA958-94D6-44E4-8A3B-FA30C7E24158}.Release|x86.ActiveCfg = Release|Win32
		{DCCEA958-94D6-44E4-8A3B-FA30C7E24158}.Release|x86.Build.0 = Release|Win32
		{D3F1BF12-5C6C-4C07-B41B-F5A555BCB669}.Debug|x64.ActiveCfg = Debug|x64
		{D3F1BF12-5C6C-4C07-B41B-F5A555BCB669}.Debug|x64.Build.0 = Debug|x64
		{D3F1BF12-5C6C-4C07-B41B-F5A555BCB669}.Debug|x86.ActiveCfg = Debug|Win32
		{D3F1BF12-5C6C-4C07-B41B-F5A555BCB669}.Debug|x86.Build.0 = Debug|Win32
		{D3F1BF12-5C6C-4C07-B41B-F5A555BCB669}.Release|x64.ActiveCfg = Release|x64
		{D3F1BF12-5C6C-4C07-B41B-F5A555BCB669}.Release|x64.Build.0 = Release|x64
		{D3F1BF12-5C6C-4C07-B41B-F5A555BCB669}.Release|x86.ActiveCfg = Release|Win32
		{D3F1BF12-5C6C-4C07-B41B-F5A555BCB669}.Release|x86.Build.0 = Release|Win32
		{3FDBCF15-B113-4BFA-B364-43EAF131F6DA}.Debug|x64.ActiveCfg = Debug|x64
		{3FDBCF15-B113-4BFA-B364-43EAF131F6DA}.Debug|x64.Build.0 = Debug|x64
		{3FDBCF15-B113-4BFA-B364-43EAF131F6DA}.Debug|x86.ActiveCfg = Debug|Win32
		{3FDBCF15-B113-4BFA-B364-43EAF131F6DA}.Debug|x86.Build.0 = Debug|Win32
		{3FDBCF15-B113-4BFA-B364-43EAF131F6DA}.Release|x64.ActiveCfg = Release|x64
		{3FDBCF15-B113-4BFA-B364-43EAF131F6DA}.Release|x64.Build.0 = Release|x64
		{3FDBCF15-B113-4BFA-B364-43EAF131F6DA}.Release|x86.ActiveCfg = Release|Win32
		{3FDBCF15-B113-4BFA-B364-43EAF131F6DA}.Release|x86.Build.0 = Release|Win32
	EndGlobalSection
	GlobalSection(SolutionProperties) = preSolution
		HideSolutionNode = FALSE
	EndGlobalSection
	GlobalSection(ExtensibilityGlobals) = postSolution
		SolutionGuid = {779B6DEE-BFBC-48D0-9AA2-823B0E0835FE}
	EndGlobalSection
EndGlobal
